
Microsoft Visual Studio Solution File, Format Version 12.00
# Visual Studio Version 16
VisualStudioVersion = 16.0.29519.87
MinimumVisualStudioVersion = 10.0.40219.1
Project("{FAE04EC0-301F-11D3-BF4B-00C04F79EFBC}") = "CheckNetworkLocation", "CheckNetworkLocation.csproj", "{96300BF8-2144-454B-A1C5-840885F27063}"
EndProject
Global
	GlobalSection(SolutionConfigurationPlatforms) = preSolution
		Debug|Any CPU = Debug|Any CPU
		Release|Any CPU = Release|Any CPU
	EndGlobalSection
	GlobalSection(ProjectConfigurationPlatforms) = postSolution
		{96300BF8-2144-454B-A1C5-840885F27063}.Debug|Any CPU.ActiveCfg = Debug|Any CPU
		{96300BF8-2144-454B-A1C5-840885F27063}.Debug|Any CPU.Build.0 = Debug|Any CPU
		{96300BF8-2144-454B-A1C5-840885F27063}.Release|Any CPU.ActiveCfg = Release|Any CPU
		{96300BF8-2144-454B-A1C5-840885F27063}.Release|Any CPU.Build.0 = Release|Any CPU
	EndGlobalSection
	GlobalSection(SolutionProperties) = preSolution
		HideSolutionNode = FALSE
	EndGlobalSection
	GlobalSection(ExtensibilityGlobals) = postSolution
		SolutionGuid = {46625C5E-9AF6-4851-BDCC-EAA1B0FD8F00}
	EndGlobalSection
EndGlobal
