
Microsoft Visual Studio Solution File, Format Version 12.00
# Visual Studio 14
VisualStudioVersion = 14.0.25420.1
MinimumVisualStudioVersion = 10.0.40219.1
Project("{FAE04EC0-301F-11D3-BF4B-00C04F79EFBC}") = "E1_1", "ExamRef70-483\E1_1.csproj", "{65200E34-06DC-4232-9102-9091B9500952}"
EndProject
Project("{FAE04EC0-301F-11D3-BF4B-00C04F79EFBC}") = "E1_4", "E1_4\E1_4.csproj", "{3480E39F-04BF-4B77-8970-9011629070BD}"
EndProject
Project("{FAE04EC0-301F-11D3-BF4B-00C04F79EFBC}") = "E1_5", "E1_5\E1_5.csproj", "{C368BC30-4C4C-4BD4-9CA9-AF19C132F9A4}"
EndProject
Project("{2150E333-8FDC-42A3-9474-1A3956D46DE8}") = "Tests", "Tests", "{6F9621BB-5484-4231-9AD3-7878630E156B}"
EndProject
Project("{FAE04EC0-301F-11D3-BF4B-00C04F79EFBC}") = "TestE1", "TestE1\TestE1.csproj", "{5DAA4CD5-BA96-4B6F-B2DA-E08934DAC6DB}"
EndProject
Project("{2150E333-8FDC-42A3-9474-1A3956D46DE8}") = "YT", "YT", "{D0424C89-BE9F-4B57-8117-B12B8861CE70}"
EndProject
Project("{FAE04EC0-301F-11D3-BF4B-00C04F79EFBC}") = "YT_Examples", "YT_Examples\YT_Examples.csproj", "{4628C322-F5F3-4C30-86C1-744936FB37E5}"
EndProject
Project("{2150E333-8FDC-42A3-9474-1A3956D46DE8}") = "Evernote", "Evernote", "{4C17DFD6-387D-4FD5-BA35-11336864F88C}"
EndProject
Project("{FAE04EC0-301F-11D3-BF4B-00C04F79EFBC}") = "C1_E1", "C1_E1\C1_E1.csproj", "{256C3422-C4D1-4367-B84F-C60E04C4001C}"
EndProject
Project("{2150E333-8FDC-42A3-9474-1A3956D46DE8}") = "albahari", "albahari", "{9E948409-EE1B-4273-A65A-6B7542F3CABD}"
EndProject
Project("{FAE04EC0-301F-11D3-BF4B-00C04F79EFBC}") = "E1", "E1\E1.csproj", "{3A631A5D-6144-4925-9479-3DB8002EF280}"
EndProject
Project("{FAE04EC0-301F-11D3-BF4B-00C04F79EFBC}") = "E2", "E2\E2.csproj", "{1BA97A33-A13C-440B-A7D0-86EE67A2805A}"
EndProject
Project("{FAE04EC0-301F-11D3-BF4B-00C04F79EFBC}") = "E3", "E3\E3.csproj", "{EEE3F3B4-E541-45FF-AADD-82203559036A}"
EndProject
Project("{FAE04EC0-301F-11D3-BF4B-00C04F79EFBC}") = "E4", "E4\E4.csproj", "{D190AEA8-9EDE-4BE6-9F4F-37FC0E1E74B7}"
EndProject
Project("{FAE04EC0-301F-11D3-BF4B-00C04F79EFBC}") = "E5", "E5\E5.csproj", "{76635339-B771-4F27-BB2F-EE66AFBF1B58}"
EndProject
Project("{FAE04EC0-301F-11D3-BF4B-00C04F79EFBC}") = "C1_E2", "C1_E2\C1_E2.csproj", "{7C75984D-8832-43C8-9304-B01DDDAD8D7A}"
EndProject
Project("{FAE04EC0-301F-11D3-BF4B-00C04F79EFBC}") = "C1_E3", "C1_E3\C1_E3.csproj", "{12DB31B3-2C32-458E-AEC0-DB8944EFF9C3}"
EndProject
Project("{FAE04EC0-301F-11D3-BF4B-00C04F79EFBC}") = "C1_E4", "C1_E4\C1_E4.csproj", "{D2B48D2B-CBFF-4736-9A20-5AF0D750353D}"
EndProject
Project("{FAE04EC0-301F-11D3-BF4B-00C04F79EFBC}") = "C1_E5", "C1_E5\C1_E5.csproj", "{34DE0AFE-8905-4E10-B714-0267B391DCFD}"
EndProject
Project("{2150E333-8FDC-42A3-9474-1A3956D46DE8}") = "Thread", "Thread", "{D30CB429-F72D-4C02-93AD-DDACCE7E6D96}"
EndProject
Project("{2150E333-8FDC-42A3-9474-1A3956D46DE8}") = "Task", "Task", "{26539E33-361A-4D34-84DF-76FBFB108EC6}"
EndProject
Project("{FAE04EC0-301F-11D3-BF4B-00C04F79EFBC}") = "C1_E6", "C1_E6\C1_E6.csproj", "{2C4A6855-C414-4E71-87B6-1C744EF04DF2}"
EndProject
Global
	GlobalSection(SolutionConfigurationPlatforms) = preSolution
		Debug|Any CPU = Debug|Any CPU
		Release|Any CPU = Release|Any CPU
	EndGlobalSection
	GlobalSection(ProjectConfigurationPlatforms) = postSolution
		{65200E34-06DC-4232-9102-9091B9500952}.Debug|Any CPU.ActiveCfg = Debug|Any CPU
		{65200E34-06DC-4232-9102-9091B9500952}.Debug|Any CPU.Build.0 = Debug|Any CPU
		{65200E34-06DC-4232-9102-9091B9500952}.Release|Any CPU.ActiveCfg = Release|Any CPU
		{65200E34-06DC-4232-9102-9091B9500952}.Release|Any CPU.Build.0 = Release|Any CPU
		{3480E39F-04BF-4B77-8970-9011629070BD}.Debug|Any CPU.ActiveCfg = Debug|Any CPU
		{3480E39F-04BF-4B77-8970-9011629070BD}.Debug|Any CPU.Build.0 = Debug|Any CPU
		{3480E39F-04BF-4B77-8970-9011629070BD}.Release|Any CPU.ActiveCfg = Release|Any CPU
		{3480E39F-04BF-4B77-8970-9011629070BD}.Release|Any CPU.Build.0 = Release|Any CPU
		{C368BC30-4C4C-4BD4-9CA9-AF19C132F9A4}.Debug|Any CPU.ActiveCfg = Debug|Any CPU
		{C368BC30-4C4C-4BD4-9CA9-AF19C132F9A4}.Debug|Any CPU.Build.0 = Debug|Any CPU
		{C368BC30-4C4C-4BD4-9CA9-AF19C132F9A4}.Release|Any CPU.ActiveCfg = Release|Any CPU
		{C368BC30-4C4C-4BD4-9CA9-AF19C132F9A4}.Release|Any CPU.Build.0 = Release|Any CPU
		{5DAA4CD5-BA96-4B6F-B2DA-E08934DAC6DB}.Debug|Any CPU.ActiveCfg = Debug|Any CPU
		{5DAA4CD5-BA96-4B6F-B2DA-E08934DAC6DB}.Debug|Any CPU.Build.0 = Debug|Any CPU
		{5DAA4CD5-BA96-4B6F-B2DA-E08934DAC6DB}.Release|Any CPU.ActiveCfg = Release|Any CPU
		{5DAA4CD5-BA96-4B6F-B2DA-E08934DAC6DB}.Release|Any CPU.Build.0 = Release|Any CPU
		{4628C322-F5F3-4C30-86C1-744936FB37E5}.Debug|Any CPU.ActiveCfg = Debug|Any CPU
		{4628C322-F5F3-4C30-86C1-744936FB37E5}.Debug|Any CPU.Build.0 = Debug|Any CPU
		{4628C322-F5F3-4C30-86C1-744936FB37E5}.Release|Any CPU.ActiveCfg = Release|Any CPU
		{4628C322-F5F3-4C30-86C1-744936FB37E5}.Release|Any CPU.Build.0 = Release|Any CPU
		{256C3422-C4D1-4367-B84F-C60E04C4001C}.Debug|Any CPU.ActiveCfg = Debug|Any CPU
		{256C3422-C4D1-4367-B84F-C60E04C4001C}.Debug|Any CPU.Build.0 = Debug|Any CPU
		{256C3422-C4D1-4367-B84F-C60E04C4001C}.Release|Any CPU.ActiveCfg = Release|Any CPU
		{256C3422-C4D1-4367-B84F-C60E04C4001C}.Release|Any CPU.Build.0 = Release|Any CPU
		{3A631A5D-6144-4925-9479-3DB8002EF280}.Debug|Any CPU.ActiveCfg = Debug|Any CPU
		{3A631A5D-6144-4925-9479-3DB8002EF280}.Debug|Any CPU.Build.0 = Debug|Any CPU
		{3A631A5D-6144-4925-9479-3DB8002EF280}.Release|Any CPU.ActiveCfg = Release|Any CPU
		{3A631A5D-6144-4925-9479-3DB8002EF280}.Release|Any CPU.Build.0 = Release|Any CPU
		{1BA97A33-A13C-440B-A7D0-86EE67A2805A}.Debug|Any CPU.ActiveCfg = Debug|Any CPU
		{1BA97A33-A13C-440B-A7D0-86EE67A2805A}.Debug|Any CPU.Build.0 = Debug|Any CPU
		{1BA97A33-A13C-440B-A7D0-86EE67A2805A}.Release|Any CPU.ActiveCfg = Release|Any CPU
		{1BA97A33-A13C-440B-A7D0-86EE67A2805A}.Release|Any CPU.Build.0 = Release|Any CPU
		{EEE3F3B4-E541-45FF-AADD-82203559036A}.Debug|Any CPU.ActiveCfg = Debug|Any CPU
		{EEE3F3B4-E541-45FF-AADD-82203559036A}.Debug|Any CPU.Build.0 = Debug|Any CPU
		{EEE3F3B4-E541-45FF-AADD-82203559036A}.Release|Any CPU.ActiveCfg = Release|Any CPU
		{EEE3F3B4-E541-45FF-AADD-82203559036A}.Release|Any CPU.Build.0 = Release|Any CPU
		{D190AEA8-9EDE-4BE6-9F4F-37FC0E1E74B7}.Debug|Any CPU.ActiveCfg = Debug|Any CPU
		{D190AEA8-9EDE-4BE6-9F4F-37FC0E1E74B7}.Debug|Any CPU.Build.0 = Debug|Any CPU
		{D190AEA8-9EDE-4BE6-9F4F-37FC0E1E74B7}.Release|Any CPU.ActiveCfg = Release|Any CPU
		{D190AEA8-9EDE-4BE6-9F4F-37FC0E1E74B7}.Release|Any CPU.Build.0 = Release|Any CPU
		{76635339-B771-4F27-BB2F-EE66AFBF1B58}.Debug|Any CPU.ActiveCfg = Debug|Any CPU
		{76635339-B771-4F27-BB2F-EE66AFBF1B58}.Debug|Any CPU.Build.0 = Debug|Any CPU
		{76635339-B771-4F27-BB2F-EE66AFBF1B58}.Release|Any CPU.ActiveCfg = Release|Any CPU
		{76635339-B771-4F27-BB2F-EE66AFBF1B58}.Release|Any CPU.Build.0 = Release|Any CPU
		{7C75984D-8832-43C8-9304-B01DDDAD8D7A}.Debug|Any CPU.ActiveCfg = Debug|Any CPU
		{7C75984D-8832-43C8-9304-B01DDDAD8D7A}.Debug|Any CPU.Build.0 = Debug|Any CPU
		{7C75984D-8832-43C8-9304-B01DDDAD8D7A}.Release|Any CPU.ActiveCfg = Release|Any CPU
		{7C75984D-8832-43C8-9304-B01DDDAD8D7A}.Release|Any CPU.Build.0 = Release|Any CPU
		{12DB31B3-2C32-458E-AEC0-DB8944EFF9C3}.Debug|Any CPU.ActiveCfg = Debug|Any CPU
		{12DB31B3-2C32-458E-AEC0-DB8944EFF9C3}.Debug|Any CPU.Build.0 = Debug|Any CPU
		{12DB31B3-2C32-458E-AEC0-DB8944EFF9C3}.Release|Any CPU.ActiveCfg = Release|Any CPU
		{12DB31B3-2C32-458E-AEC0-DB8944EFF9C3}.Release|Any CPU.Build.0 = Release|Any CPU
		{D2B48D2B-CBFF-4736-9A20-5AF0D750353D}.Debug|Any CPU.ActiveCfg = Debug|Any CPU
		{D2B48D2B-CBFF-4736-9A20-5AF0D750353D}.Debug|Any CPU.Build.0 = Debug|Any CPU
		{D2B48D2B-CBFF-4736-9A20-5AF0D750353D}.Release|Any CPU.ActiveCfg = Release|Any CPU
		{D2B48D2B-CBFF-4736-9A20-5AF0D750353D}.Release|Any CPU.Build.0 = Release|Any CPU
		{34DE0AFE-8905-4E10-B714-0267B391DCFD}.Debug|Any CPU.ActiveCfg = Debug|Any CPU
		{34DE0AFE-8905-4E10-B714-0267B391DCFD}.Debug|Any CPU.Build.0 = Debug|Any CPU
		{34DE0AFE-8905-4E10-B714-0267B391DCFD}.Release|Any CPU.ActiveCfg = Release|Any CPU
		{34DE0AFE-8905-4E10-B714-0267B391DCFD}.Release|Any CPU.Build.0 = Release|Any CPU
		{2C4A6855-C414-4E71-87B6-1C744EF04DF2}.Debug|Any CPU.ActiveCfg = Debug|Any CPU
		{2C4A6855-C414-4E71-87B6-1C744EF04DF2}.Debug|Any CPU.Build.0 = Debug|Any CPU
		{2C4A6855-C414-4E71-87B6-1C744EF04DF2}.Release|Any CPU.ActiveCfg = Release|Any CPU
		{2C4A6855-C414-4E71-87B6-1C744EF04DF2}.Release|Any CPU.Build.0 = Release|Any CPU
	EndGlobalSection
	GlobalSection(SolutionProperties) = preSolution
		HideSolutionNode = FALSE
	EndGlobalSection
	GlobalSection(NestedProjects) = preSolution
		{5DAA4CD5-BA96-4B6F-B2DA-E08934DAC6DB} = {6F9621BB-5484-4231-9AD3-7878630E156B}
		{4628C322-F5F3-4C30-86C1-744936FB37E5} = {D0424C89-BE9F-4B57-8117-B12B8861CE70}
		{256C3422-C4D1-4367-B84F-C60E04C4001C} = {D30CB429-F72D-4C02-93AD-DDACCE7E6D96}
		{3A631A5D-6144-4925-9479-3DB8002EF280} = {9E948409-EE1B-4273-A65A-6B7542F3CABD}
		{1BA97A33-A13C-440B-A7D0-86EE67A2805A} = {9E948409-EE1B-4273-A65A-6B7542F3CABD}
		{EEE3F3B4-E541-45FF-AADD-82203559036A} = {9E948409-EE1B-4273-A65A-6B7542F3CABD}
		{D190AEA8-9EDE-4BE6-9F4F-37FC0E1E74B7} = {9E948409-EE1B-4273-A65A-6B7542F3CABD}
		{76635339-B771-4F27-BB2F-EE66AFBF1B58} = {9E948409-EE1B-4273-A65A-6B7542F3CABD}
		{7C75984D-8832-43C8-9304-B01DDDAD8D7A} = {D30CB429-F72D-4C02-93AD-DDACCE7E6D96}
		{12DB31B3-2C32-458E-AEC0-DB8944EFF9C3} = {D30CB429-F72D-4C02-93AD-DDACCE7E6D96}
		{D2B48D2B-CBFF-4736-9A20-5AF0D750353D} = {D30CB429-F72D-4C02-93AD-DDACCE7E6D96}
		{34DE0AFE-8905-4E10-B714-0267B391DCFD} = {D30CB429-F72D-4C02-93AD-DDACCE7E6D96}
		{D30CB429-F72D-4C02-93AD-DDACCE7E6D96} = {4C17DFD6-387D-4FD5-BA35-11336864F88C}
		{26539E33-361A-4D34-84DF-76FBFB108EC6} = {4C17DFD6-387D-4FD5-BA35-11336864F88C}
		{2C4A6855-C414-4E71-87B6-1C744EF04DF2} = {26539E33-361A-4D34-84DF-76FBFB108EC6}
	EndGlobalSection
EndGlobal
